
Microsoft Visual Studio Solution File, Format Version 12.00
# Visual Studio Version 17
VisualStudioVersion = 17.10.35013.160
MinimumVisualStudioVersion = 10.0.40219.1
Project("{FAE04EC0-301F-11D3-BF4B-00C04F79EFBC}") = "KoruCosmetica", "KoruCosmetica.csproj", "{52141228-0EE9-4251-89F6-FAE06D3A2479}"
EndProject
Global
	GlobalSection(SolutionConfigurationPlatforms) = preSolution
		Debug|Any CPU = Debug|Any CPU
		Release|Any CPU = Release|Any CPU
	EndGlobalSection
	GlobalSection(ProjectConfigurationPlatforms) = postSolution
		{52141228-0EE9-4251-89F6-FAE06D3A2479}.Debug|Any CPU.ActiveCfg = Debug|Any CPU
		{52141228-0EE9-4251-89F6-FAE06D3A2479}.Debug|Any CPU.Build.0 = Debug|Any CPU
		{52141228-0EE9-4251-89F6-FAE06D3A2479}.Release|Any CPU.ActiveCfg = Release|Any CPU
		{52141228-0EE9-4251-89F6-FAE06D3A2479}.Release|Any CPU.Build.0 = Release|Any CPU
	EndGlobalSection
	GlobalSection(SolutionProperties) = preSolution
		HideSolutionNode = FALSE
	EndGlobalSection
	GlobalSection(ExtensibilityGlobals) = postSolution
		SolutionGuid = {233635B0-84B1-467C-9320-8A1DC8F504B4}
	EndGlobalSection
EndGlobal
